
Microsoft Visual Studio Solution File, Format Version 12.00
# Visual Studio Version 17
VisualStudioVersion = 17.3.32929.385
MinimumVisualStudioVersion = 10.0.40219.1
Project("{9A19103F-16F7-4668-BE54-9A1E7A4F7556}") = "BLAZAM", "BLAZAM\BLAZAM.csproj", "{8806A7AF-20CB-4BF6-BC17-3E964F7FB61E}"
EndProject
Project("{9A19103F-16F7-4668-BE54-9A1E7A4F7556}") = "BLAZAMCommon", "BLAZAMCommon\BLAZAMCommon.csproj", "{81D069E4-2649-4F8F-AF50-F69B1ED704CC}"
EndProject
Project("{FAE04EC0-301F-11D3-BF4B-00C04F79EFBC}") = "BLAZAMInstallerActions", "BLAZAMInstallerActions\BLAZAMInstallerActions.csproj", "{D5755B06-B178-4370-89D8-16EAFF4F1EC7}"
EndProject
Project("{FAE04EC0-301F-11D3-BF4B-00C04F79EFBC}") = "BLAZAM.Tests", "BLAZAM.Tests\BLAZAM.Tests.csproj", "{1CF9525A-EDCB-435E-A2CC-B0266E134308}"
EndProject
Global
	GlobalSection(SolutionConfigurationPlatforms) = preSolution
		Debug|Any CPU = Debug|Any CPU
		Debug|x64 = Debug|x64
		Debug|x86 = Debug|x86
		Release|Any CPU = Release|Any CPU
		Release|x64 = Release|x64
		Release|x86 = Release|x86
	EndGlobalSection
	GlobalSection(ProjectConfigurationPlatforms) = postSolution
		{8806A7AF-20CB-4BF6-BC17-3E964F7FB61E}.Debug|Any CPU.ActiveCfg = Debug|Any CPU
		{8806A7AF-20CB-4BF6-BC17-3E964F7FB61E}.Debug|Any CPU.Build.0 = Debug|Any CPU
		{8806A7AF-20CB-4BF6-BC17-3E964F7FB61E}.Debug|x64.ActiveCfg = Debug|Any CPU
		{8806A7AF-20CB-4BF6-BC17-3E964F7FB61E}.Debug|x64.Build.0 = Debug|Any CPU
		{8806A7AF-20CB-4BF6-BC17-3E964F7FB61E}.Debug|x86.ActiveCfg = Debug|Any CPU
		{8806A7AF-20CB-4BF6-BC17-3E964F7FB61E}.Debug|x86.Build.0 = Debug|Any CPU
		{8806A7AF-20CB-4BF6-BC17-3E964F7FB61E}.Release|Any CPU.ActiveCfg = Release|Any CPU
		{8806A7AF-20CB-4BF6-BC17-3E964F7FB61E}.Release|Any CPU.Build.0 = Release|Any CPU
		{8806A7AF-20CB-4BF6-BC17-3E964F7FB61E}.Release|x64.ActiveCfg = Release|Any CPU
		{8806A7AF-20CB-4BF6-BC17-3E964F7FB61E}.Release|x64.Build.0 = Release|Any CPU
		{8806A7AF-20CB-4BF6-BC17-3E964F7FB61E}.Release|x86.ActiveCfg = Release|Any CPU
		{8806A7AF-20CB-4BF6-BC17-3E964F7FB61E}.Release|x86.Build.0 = Release|Any CPU
		{81D069E4-2649-4F8F-AF50-F69B1ED704CC}.Debug|Any CPU.ActiveCfg = Debug|Any CPU
		{81D069E4-2649-4F8F-AF50-F69B1ED704CC}.Debug|Any CPU.Build.0 = Debug|Any CPU
		{81D069E4-2649-4F8F-AF50-F69B1ED704CC}.Debug|x64.ActiveCfg = Debug|Any CPU
		{81D069E4-2649-4F8F-AF50-F69B1ED704CC}.Debug|x64.Build.0 = Debug|Any CPU
		{81D069E4-2649-4F8F-AF50-F69B1ED704CC}.Debug|x86.ActiveCfg = Debug|Any CPU
		{81D069E4-2649-4F8F-AF50-F69B1ED704CC}.Debug|x86.Build.0 = Debug|Any CPU
		{81D069E4-2649-4F8F-AF50-F69B1ED704CC}.Release|Any CPU.ActiveCfg = Release|Any CPU
		{81D069E4-2649-4F8F-AF50-F69B1ED704CC}.Release|Any CPU.Build.0 = Release|Any CPU
		{81D069E4-2649-4F8F-AF50-F69B1ED704CC}.Release|x64.ActiveCfg = Release|Any CPU
		{81D069E4-2649-4F8F-AF50-F69B1ED704CC}.Release|x64.Build.0 = Release|Any CPU
		{81D069E4-2649-4F8F-AF50-F69B1ED704CC}.Release|x86.ActiveCfg = Release|Any CPU
		{81D069E4-2649-4F8F-AF50-F69B1ED704CC}.Release|x86.Build.0 = Release|Any CPU
		{D5755B06-B178-4370-89D8-16EAFF4F1EC7}.Debug|Any CPU.ActiveCfg = Debug|Any CPU
		{D5755B06-B178-4370-89D8-16EAFF4F1EC7}.Debug|x64.ActiveCfg = Debug|Any CPU
		{D5755B06-B178-4370-89D8-16EAFF4F1EC7}.Debug|x64.Build.0 = Debug|Any CPU
		{D5755B06-B178-4370-89D8-16EAFF4F1EC7}.Debug|x86.ActiveCfg = Debug|Any CPU
		{D5755B06-B178-4370-89D8-16EAFF4F1EC7}.Debug|x86.Build.0 = Debug|Any CPU
		{D5755B06-B178-4370-89D8-16EAFF4F1EC7}.Release|Any CPU.ActiveCfg = Release|Any CPU
		{D5755B06-B178-4370-89D8-16EAFF4F1EC7}.Release|Any CPU.Build.0 = Release|Any CPU
		{D5755B06-B178-4370-89D8-16EAFF4F1EC7}.Release|x64.ActiveCfg = Release|Any CPU
		{D5755B06-B178-4370-89D8-16EAFF4F1EC7}.Release|x64.Build.0 = Release|Any CPU
		{D5755B06-B178-4370-89D8-16EAFF4F1EC7}.Release|x86.ActiveCfg = Release|Any CPU
		{D5755B06-B178-4370-89D8-16EAFF4F1EC7}.Release|x86.Build.0 = Release|Any CPU
		{1CF9525A-EDCB-435E-A2CC-B0266E134308}.Debug|Any CPU.ActiveCfg = Debug|Any CPU
		{1CF9525A-EDCB-435E-A2CC-B0266E134308}.Debug|Any CPU.Build.0 = Debug|Any CPU
		{1CF9525A-EDCB-435E-A2CC-B0266E134308}.Debug|x64.ActiveCfg = Debug|Any CPU
		{1CF9525A-EDCB-435E-A2CC-B0266E134308}.Debug|x64.Build.0 = Debug|Any CPU
		{1CF9525A-EDCB-435E-A2CC-B0266E134308}.Debug|x86.ActiveCfg = Debug|Any CPU
		{1CF9525A-EDCB-435E-A2CC-B0266E134308}.Debug|x86.Build.0 = Debug|Any CPU
		{1CF9525A-EDCB-435E-A2CC-B0266E134308}.Release|Any CPU.ActiveCfg = Release|Any CPU
		{1CF9525A-EDCB-435E-A2CC-B0266E134308}.Release|Any CPU.Build.0 = Release|Any CPU
		{1CF9525A-EDCB-435E-A2CC-B0266E134308}.Release|x64.ActiveCfg = Release|Any CPU
		{1CF9525A-EDCB-435E-A2CC-B0266E134308}.Release|x64.Build.0 = Release|Any CPU
		{1CF9525A-EDCB-435E-A2CC-B0266E134308}.Release|x86.ActiveCfg = Release|Any CPU
		{1CF9525A-EDCB-435E-A2CC-B0266E134308}.Release|x86.Build.0 = Release|Any CPU
	EndGlobalSection
	GlobalSection(SolutionProperties) = preSolution
		HideSolutionNode = FALSE
	EndGlobalSection
	GlobalSection(ExtensibilityGlobals) = postSolution
		SolutionGuid = {AEC44340-84F9-4039-B643-DF4B8DFBF3DB}
	EndGlobalSection
EndGlobal
