
Microsoft Visual Studio Solution File, Format Version 12.00
# Visual Studio Version 17
VisualStudioVersion = 17.3.32929.385
MinimumVisualStudioVersion = 10.0.40219.1
Project("{9A19103F-16F7-4668-BE54-9A1E7A4F7556}") = "BLAZAM", "BLAZAM\BLAZAM.csproj", "{8806A7AF-20CB-4BF6-BC17-3E964F7FB61E}"
EndProject
Project("{9A19103F-16F7-4668-BE54-9A1E7A4F7556}") = "BLAZAMCommon", "BLAZAMCommon\BLAZAMCommon.csproj", "{81D069E4-2649-4F8F-AF50-F69B1ED704CC}"
EndProject
Project("{9A19103F-16F7-4668-BE54-9A1E7A4F7556}") = "BLAZAM.Tests", "BLAZAM.Tests\BLAZAM.Tests.csproj", "{1CF9525A-EDCB-435E-A2CC-B0266E134308}"
EndProject
Project("{2150E333-8FDC-42A3-9474-1A3956D46DE8}") = "Solution Items", "Solution Items", "{EF40F3F8-3983-48FB-9ADE-A2A0472443F0}"
	ProjectSection(SolutionItems) = preProject
		.editorconfig = .editorconfig
	EndProjectSection
EndProject
Project("{9A19103F-16F7-4668-BE54-9A1E7A4F7556}") = "BLAZAMCommon.Tests", "BLAZAMCommon.Tests\BLAZAMCommon.Tests.csproj", "{EBCFE03D-23E9-4C35-8223-0B3B223A02FF}"
EndProject
Project("{9A19103F-16F7-4668-BE54-9A1E7A4F7556}") = "BLAZAMUpdate", "BlazamUpdate\BLAZAMUpdate.csproj", "{2D72790C-6804-42A3-AB08-CF4DB353E84F}"
EndProject
Project("{9A19103F-16F7-4668-BE54-9A1E7A4F7556}") = "BLAZAMLogger", "BLAZAMLoggers\BLAZAMLogger.csproj", "{A05B414A-78F3-45BB-A192-02970AD4529F}"
EndProject
Project("{9A19103F-16F7-4668-BE54-9A1E7A4F7556}") = "BLAZAMFileSystem", "BLAZAMFileSystem\BLAZAMFileSystem.csproj", "{23891100-FDC8-4D50-9AF9-9358036A46E2}"
EndProject
Project("{FAE04EC0-301F-11D3-BF4B-00C04F79EFBC}") = "BLAZAMDatabase", "BLAZAMDatabase\BLAZAMDatabase.csproj", "{3707415E-547B-48DD-A7FA-0A5F66377B90}"
EndProject
Project("{FAE04EC0-301F-11D3-BF4B-00C04F79EFBC}") = "BLAZAMActiveDirectory", "BLAZAMActiveDirectory\BLAZAMActiveDirectory.csproj", "{E4520DEE-90AF-424B-B487-BE9FBE7177F0}"
EndProject
Project("{FAE04EC0-301F-11D3-BF4B-00C04F79EFBC}") = "BLAZAMSession", "BLAZAMSession\BLAZAMSession.csproj", "{4505F9A5-5337-4DDF-97C2-9B0AFCE9FB80}"
EndProject
Project("{FAE04EC0-301F-11D3-BF4B-00C04F79EFBC}") = "BLAZAMNotifications", "BLAZAMNotifications\BLAZAMNotifications.csproj", "{621A84B2-EDDE-42B1-9BF1-51C77E173224}"
EndProject
Project("{FAE04EC0-301F-11D3-BF4B-00C04F79EFBC}") = "BLAZAMExtensions", "BLAZAMExtensions\BLAZAMExtensions.csproj", "{8F23BF40-EFBA-472B-93A2-C016D24AFA1F}"
EndProject
Global
	GlobalSection(SolutionConfigurationPlatforms) = preSolution
		Debug|Any CPU = Debug|Any CPU
		Debug|x64 = Debug|x64
		Debug|x86 = Debug|x86
		Release|Any CPU = Release|Any CPU
		Release|x64 = Release|x64
		Release|x86 = Release|x86
	EndGlobalSection
	GlobalSection(ProjectConfigurationPlatforms) = postSolution
		{8806A7AF-20CB-4BF6-BC17-3E964F7FB61E}.Debug|Any CPU.ActiveCfg = Debug|Any CPU
		{8806A7AF-20CB-4BF6-BC17-3E964F7FB61E}.Debug|Any CPU.Build.0 = Debug|Any CPU
		{8806A7AF-20CB-4BF6-BC17-3E964F7FB61E}.Debug|x64.ActiveCfg = Debug|Any CPU
		{8806A7AF-20CB-4BF6-BC17-3E964F7FB61E}.Debug|x64.Build.0 = Debug|Any CPU
		{8806A7AF-20CB-4BF6-BC17-3E964F7FB61E}.Debug|x86.ActiveCfg = Debug|Any CPU
		{8806A7AF-20CB-4BF6-BC17-3E964F7FB61E}.Debug|x86.Build.0 = Debug|Any CPU
		{8806A7AF-20CB-4BF6-BC17-3E964F7FB61E}.Release|Any CPU.ActiveCfg = Release|Any CPU
		{8806A7AF-20CB-4BF6-BC17-3E964F7FB61E}.Release|Any CPU.Build.0 = Release|Any CPU
		{8806A7AF-20CB-4BF6-BC17-3E964F7FB61E}.Release|x64.ActiveCfg = Release|Any CPU
		{8806A7AF-20CB-4BF6-BC17-3E964F7FB61E}.Release|x64.Build.0 = Release|Any CPU
		{8806A7AF-20CB-4BF6-BC17-3E964F7FB61E}.Release|x86.ActiveCfg = Release|Any CPU
		{8806A7AF-20CB-4BF6-BC17-3E964F7FB61E}.Release|x86.Build.0 = Release|Any CPU
		{81D069E4-2649-4F8F-AF50-F69B1ED704CC}.Debug|Any CPU.ActiveCfg = Debug|Any CPU
		{81D069E4-2649-4F8F-AF50-F69B1ED704CC}.Debug|Any CPU.Build.0 = Debug|Any CPU
		{81D069E4-2649-4F8F-AF50-F69B1ED704CC}.Debug|x64.ActiveCfg = Debug|Any CPU
		{81D069E4-2649-4F8F-AF50-F69B1ED704CC}.Debug|x64.Build.0 = Debug|Any CPU
		{81D069E4-2649-4F8F-AF50-F69B1ED704CC}.Debug|x86.ActiveCfg = Debug|Any CPU
		{81D069E4-2649-4F8F-AF50-F69B1ED704CC}.Debug|x86.Build.0 = Debug|Any CPU
		{81D069E4-2649-4F8F-AF50-F69B1ED704CC}.Release|Any CPU.ActiveCfg = Release|Any CPU
		{81D069E4-2649-4F8F-AF50-F69B1ED704CC}.Release|Any CPU.Build.0 = Release|Any CPU
		{81D069E4-2649-4F8F-AF50-F69B1ED704CC}.Release|x64.ActiveCfg = Release|Any CPU
		{81D069E4-2649-4F8F-AF50-F69B1ED704CC}.Release|x64.Build.0 = Release|Any CPU
		{81D069E4-2649-4F8F-AF50-F69B1ED704CC}.Release|x86.ActiveCfg = Release|Any CPU
		{81D069E4-2649-4F8F-AF50-F69B1ED704CC}.Release|x86.Build.0 = Release|Any CPU
		{1CF9525A-EDCB-435E-A2CC-B0266E134308}.Debug|Any CPU.ActiveCfg = Debug|Any CPU
		{1CF9525A-EDCB-435E-A2CC-B0266E134308}.Debug|Any CPU.Build.0 = Debug|Any CPU
		{1CF9525A-EDCB-435E-A2CC-B0266E134308}.Debug|x64.ActiveCfg = Debug|Any CPU
		{1CF9525A-EDCB-435E-A2CC-B0266E134308}.Debug|x64.Build.0 = Debug|Any CPU
		{1CF9525A-EDCB-435E-A2CC-B0266E134308}.Debug|x86.ActiveCfg = Debug|Any CPU
		{1CF9525A-EDCB-435E-A2CC-B0266E134308}.Debug|x86.Build.0 = Debug|Any CPU
		{1CF9525A-EDCB-435E-A2CC-B0266E134308}.Release|Any CPU.ActiveCfg = Release|Any CPU
		{1CF9525A-EDCB-435E-A2CC-B0266E134308}.Release|Any CPU.Build.0 = Release|Any CPU
		{1CF9525A-EDCB-435E-A2CC-B0266E134308}.Release|x64.ActiveCfg = Release|Any CPU
		{1CF9525A-EDCB-435E-A2CC-B0266E134308}.Release|x64.Build.0 = Release|Any CPU
		{1CF9525A-EDCB-435E-A2CC-B0266E134308}.Release|x86.ActiveCfg = Release|Any CPU
		{1CF9525A-EDCB-435E-A2CC-B0266E134308}.Release|x86.Build.0 = Release|Any CPU
		{EBCFE03D-23E9-4C35-8223-0B3B223A02FF}.Debug|Any CPU.ActiveCfg = Debug|Any CPU
		{EBCFE03D-23E9-4C35-8223-0B3B223A02FF}.Debug|Any CPU.Build.0 = Debug|Any CPU
		{EBCFE03D-23E9-4C35-8223-0B3B223A02FF}.Debug|x64.ActiveCfg = Debug|Any CPU
		{EBCFE03D-23E9-4C35-8223-0B3B223A02FF}.Debug|x64.Build.0 = Debug|Any CPU
		{EBCFE03D-23E9-4C35-8223-0B3B223A02FF}.Debug|x86.ActiveCfg = Debug|Any CPU
		{EBCFE03D-23E9-4C35-8223-0B3B223A02FF}.Debug|x86.Build.0 = Debug|Any CPU
		{EBCFE03D-23E9-4C35-8223-0B3B223A02FF}.Release|Any CPU.ActiveCfg = Release|Any CPU
		{EBCFE03D-23E9-4C35-8223-0B3B223A02FF}.Release|Any CPU.Build.0 = Release|Any CPU
		{EBCFE03D-23E9-4C35-8223-0B3B223A02FF}.Release|x64.ActiveCfg = Release|Any CPU
		{EBCFE03D-23E9-4C35-8223-0B3B223A02FF}.Release|x64.Build.0 = Release|Any CPU
		{EBCFE03D-23E9-4C35-8223-0B3B223A02FF}.Release|x86.ActiveCfg = Release|Any CPU
		{EBCFE03D-23E9-4C35-8223-0B3B223A02FF}.Release|x86.Build.0 = Release|Any CPU
		{2D72790C-6804-42A3-AB08-CF4DB353E84F}.Debug|Any CPU.ActiveCfg = Debug|Any CPU
		{2D72790C-6804-42A3-AB08-CF4DB353E84F}.Debug|Any CPU.Build.0 = Debug|Any CPU
		{2D72790C-6804-42A3-AB08-CF4DB353E84F}.Debug|x64.ActiveCfg = Debug|Any CPU
		{2D72790C-6804-42A3-AB08-CF4DB353E84F}.Debug|x64.Build.0 = Debug|Any CPU
		{2D72790C-6804-42A3-AB08-CF4DB353E84F}.Debug|x86.ActiveCfg = Debug|Any CPU
		{2D72790C-6804-42A3-AB08-CF4DB353E84F}.Debug|x86.Build.0 = Debug|Any CPU
		{2D72790C-6804-42A3-AB08-CF4DB353E84F}.Release|Any CPU.ActiveCfg = Release|Any CPU
		{2D72790C-6804-42A3-AB08-CF4DB353E84F}.Release|Any CPU.Build.0 = Release|Any CPU
		{2D72790C-6804-42A3-AB08-CF4DB353E84F}.Release|x64.ActiveCfg = Release|Any CPU
		{2D72790C-6804-42A3-AB08-CF4DB353E84F}.Release|x64.Build.0 = Release|Any CPU
		{2D72790C-6804-42A3-AB08-CF4DB353E84F}.Release|x86.ActiveCfg = Release|Any CPU
		{2D72790C-6804-42A3-AB08-CF4DB353E84F}.Release|x86.Build.0 = Release|Any CPU
		{A05B414A-78F3-45BB-A192-02970AD4529F}.Debug|Any CPU.ActiveCfg = Debug|Any CPU
		{A05B414A-78F3-45BB-A192-02970AD4529F}.Debug|Any CPU.Build.0 = Debug|Any CPU
		{A05B414A-78F3-45BB-A192-02970AD4529F}.Debug|x64.ActiveCfg = Debug|Any CPU
		{A05B414A-78F3-45BB-A192-02970AD4529F}.Debug|x64.Build.0 = Debug|Any CPU
		{A05B414A-78F3-45BB-A192-02970AD4529F}.Debug|x86.ActiveCfg = Debug|Any CPU
		{A05B414A-78F3-45BB-A192-02970AD4529F}.Debug|x86.Build.0 = Debug|Any CPU
		{A05B414A-78F3-45BB-A192-02970AD4529F}.Release|Any CPU.ActiveCfg = Release|Any CPU
		{A05B414A-78F3-45BB-A192-02970AD4529F}.Release|Any CPU.Build.0 = Release|Any CPU
		{A05B414A-78F3-45BB-A192-02970AD4529F}.Release|x64.ActiveCfg = Release|Any CPU
		{A05B414A-78F3-45BB-A192-02970AD4529F}.Release|x64.Build.0 = Release|Any CPU
		{A05B414A-78F3-45BB-A192-02970AD4529F}.Release|x86.ActiveCfg = Release|Any CPU
		{A05B414A-78F3-45BB-A192-02970AD4529F}.Release|x86.Build.0 = Release|Any CPU
		{23891100-FDC8-4D50-9AF9-9358036A46E2}.Debug|Any CPU.ActiveCfg = Debug|Any CPU
		{23891100-FDC8-4D50-9AF9-9358036A46E2}.Debug|Any CPU.Build.0 = Debug|Any CPU
		{23891100-FDC8-4D50-9AF9-9358036A46E2}.Debug|x64.ActiveCfg = Debug|Any CPU
		{23891100-FDC8-4D50-9AF9-9358036A46E2}.Debug|x64.Build.0 = Debug|Any CPU
		{23891100-FDC8-4D50-9AF9-9358036A46E2}.Debug|x86.ActiveCfg = Debug|Any CPU
		{23891100-FDC8-4D50-9AF9-9358036A46E2}.Debug|x86.Build.0 = Debug|Any CPU
		{23891100-FDC8-4D50-9AF9-9358036A46E2}.Release|Any CPU.ActiveCfg = Release|Any CPU
		{23891100-FDC8-4D50-9AF9-9358036A46E2}.Release|Any CPU.Build.0 = Release|Any CPU
		{23891100-FDC8-4D50-9AF9-9358036A46E2}.Release|x64.ActiveCfg = Release|Any CPU
		{23891100-FDC8-4D50-9AF9-9358036A46E2}.Release|x64.Build.0 = Release|Any CPU
		{23891100-FDC8-4D50-9AF9-9358036A46E2}.Release|x86.ActiveCfg = Release|Any CPU
		{23891100-FDC8-4D50-9AF9-9358036A46E2}.Release|x86.Build.0 = Release|Any CPU
		{3707415E-547B-48DD-A7FA-0A5F66377B90}.Debug|Any CPU.ActiveCfg = Debug|Any CPU
		{3707415E-547B-48DD-A7FA-0A5F66377B90}.Debug|Any CPU.Build.0 = Debug|Any CPU
		{3707415E-547B-48DD-A7FA-0A5F66377B90}.Debug|x64.ActiveCfg = Debug|Any CPU
		{3707415E-547B-48DD-A7FA-0A5F66377B90}.Debug|x64.Build.0 = Debug|Any CPU
		{3707415E-547B-48DD-A7FA-0A5F66377B90}.Debug|x86.ActiveCfg = Debug|Any CPU
		{3707415E-547B-48DD-A7FA-0A5F66377B90}.Debug|x86.Build.0 = Debug|Any CPU
		{3707415E-547B-48DD-A7FA-0A5F66377B90}.Release|Any CPU.ActiveCfg = Release|Any CPU
		{3707415E-547B-48DD-A7FA-0A5F66377B90}.Release|Any CPU.Build.0 = Release|Any CPU
		{3707415E-547B-48DD-A7FA-0A5F66377B90}.Release|x64.ActiveCfg = Release|Any CPU
		{3707415E-547B-48DD-A7FA-0A5F66377B90}.Release|x64.Build.0 = Release|Any CPU
		{3707415E-547B-48DD-A7FA-0A5F66377B90}.Release|x86.ActiveCfg = Release|Any CPU
		{3707415E-547B-48DD-A7FA-0A5F66377B90}.Release|x86.Build.0 = Release|Any CPU
		{E4520DEE-90AF-424B-B487-BE9FBE7177F0}.Debug|Any CPU.ActiveCfg = Debug|Any CPU
		{E4520DEE-90AF-424B-B487-BE9FBE7177F0}.Debug|Any CPU.Build.0 = Debug|Any CPU
		{E4520DEE-90AF-424B-B487-BE9FBE7177F0}.Debug|x64.ActiveCfg = Debug|Any CPU
		{E4520DEE-90AF-424B-B487-BE9FBE7177F0}.Debug|x64.Build.0 = Debug|Any CPU
		{E4520DEE-90AF-424B-B487-BE9FBE7177F0}.Debug|x86.ActiveCfg = Debug|Any CPU
		{E4520DEE-90AF-424B-B487-BE9FBE7177F0}.Debug|x86.Build.0 = Debug|Any CPU
		{E4520DEE-90AF-424B-B487-BE9FBE7177F0}.Release|Any CPU.ActiveCfg = Release|Any CPU
		{E4520DEE-90AF-424B-B487-BE9FBE7177F0}.Release|Any CPU.Build.0 = Release|Any CPU
		{E4520DEE-90AF-424B-B487-BE9FBE7177F0}.Release|x64.ActiveCfg = Release|Any CPU
		{E4520DEE-90AF-424B-B487-BE9FBE7177F0}.Release|x64.Build.0 = Release|Any CPU
		{E4520DEE-90AF-424B-B487-BE9FBE7177F0}.Release|x86.ActiveCfg = Release|Any CPU
		{E4520DEE-90AF-424B-B487-BE9FBE7177F0}.Release|x86.Build.0 = Release|Any CPU
		{4505F9A5-5337-4DDF-97C2-9B0AFCE9FB80}.Debug|Any CPU.ActiveCfg = Debug|Any CPU
		{4505F9A5-5337-4DDF-97C2-9B0AFCE9FB80}.Debug|Any CPU.Build.0 = Debug|Any CPU
		{4505F9A5-5337-4DDF-97C2-9B0AFCE9FB80}.Debug|x64.ActiveCfg = Debug|Any CPU
		{4505F9A5-5337-4DDF-97C2-9B0AFCE9FB80}.Debug|x64.Build.0 = Debug|Any CPU
		{4505F9A5-5337-4DDF-97C2-9B0AFCE9FB80}.Debug|x86.ActiveCfg = Debug|Any CPU
		{4505F9A5-5337-4DDF-97C2-9B0AFCE9FB80}.Debug|x86.Build.0 = Debug|Any CPU
		{4505F9A5-5337-4DDF-97C2-9B0AFCE9FB80}.Release|Any CPU.ActiveCfg = Release|Any CPU
		{4505F9A5-5337-4DDF-97C2-9B0AFCE9FB80}.Release|Any CPU.Build.0 = Release|Any CPU
		{4505F9A5-5337-4DDF-97C2-9B0AFCE9FB80}.Release|x64.ActiveCfg = Release|Any CPU
		{4505F9A5-5337-4DDF-97C2-9B0AFCE9FB80}.Release|x64.Build.0 = Release|Any CPU
		{4505F9A5-5337-4DDF-97C2-9B0AFCE9FB80}.Release|x86.ActiveCfg = Release|Any CPU
		{4505F9A5-5337-4DDF-97C2-9B0AFCE9FB80}.Release|x86.Build.0 = Release|Any CPU
		{621A84B2-EDDE-42B1-9BF1-51C77E173224}.Debug|Any CPU.ActiveCfg = Debug|Any CPU
		{621A84B2-EDDE-42B1-9BF1-51C77E173224}.Debug|Any CPU.Build.0 = Debug|Any CPU
		{621A84B2-EDDE-42B1-9BF1-51C77E173224}.Debug|x64.ActiveCfg = Debug|Any CPU
		{621A84B2-EDDE-42B1-9BF1-51C77E173224}.Debug|x64.Build.0 = Debug|Any CPU
		{621A84B2-EDDE-42B1-9BF1-51C77E173224}.Debug|x86.ActiveCfg = Debug|Any CPU
		{621A84B2-EDDE-42B1-9BF1-51C77E173224}.Debug|x86.Build.0 = Debug|Any CPU
		{621A84B2-EDDE-42B1-9BF1-51C77E173224}.Release|Any CPU.ActiveCfg = Release|Any CPU
		{621A84B2-EDDE-42B1-9BF1-51C77E173224}.Release|Any CPU.Build.0 = Release|Any CPU
		{621A84B2-EDDE-42B1-9BF1-51C77E173224}.Release|x64.ActiveCfg = Release|Any CPU
		{621A84B2-EDDE-42B1-9BF1-51C77E173224}.Release|x64.Build.0 = Release|Any CPU
		{621A84B2-EDDE-42B1-9BF1-51C77E173224}.Release|x86.ActiveCfg = Release|Any CPU
		{621A84B2-EDDE-42B1-9BF1-51C77E173224}.Release|x86.Build.0 = Release|Any CPU
		{8F23BF40-EFBA-472B-93A2-C016D24AFA1F}.Debug|Any CPU.ActiveCfg = Debug|Any CPU
		{8F23BF40-EFBA-472B-93A2-C016D24AFA1F}.Debug|Any CPU.Build.0 = Debug|Any CPU
		{8F23BF40-EFBA-472B-93A2-C016D24AFA1F}.Debug|x64.ActiveCfg = Debug|Any CPU
		{8F23BF40-EFBA-472B-93A2-C016D24AFA1F}.Debug|x64.Build.0 = Debug|Any CPU
		{8F23BF40-EFBA-472B-93A2-C016D24AFA1F}.Debug|x86.ActiveCfg = Debug|Any CPU
		{8F23BF40-EFBA-472B-93A2-C016D24AFA1F}.Debug|x86.Build.0 = Debug|Any CPU
		{8F23BF40-EFBA-472B-93A2-C016D24AFA1F}.Release|Any CPU.ActiveCfg = Release|Any CPU
		{8F23BF40-EFBA-472B-93A2-C016D24AFA1F}.Release|Any CPU.Build.0 = Release|Any CPU
		{8F23BF40-EFBA-472B-93A2-C016D24AFA1F}.Release|x64.ActiveCfg = Release|Any CPU
		{8F23BF40-EFBA-472B-93A2-C016D24AFA1F}.Release|x64.Build.0 = Release|Any CPU
		{8F23BF40-EFBA-472B-93A2-C016D24AFA1F}.Release|x86.ActiveCfg = Release|Any CPU
		{8F23BF40-EFBA-472B-93A2-C016D24AFA1F}.Release|x86.Build.0 = Release|Any CPU
	EndGlobalSection
	GlobalSection(SolutionProperties) = preSolution
		HideSolutionNode = FALSE
	EndGlobalSection
	GlobalSection(ExtensibilityGlobals) = postSolution
		SolutionGuid = {AEC44340-84F9-4039-B643-DF4B8DFBF3DB}
	EndGlobalSection
EndGlobal
